// !$*UTF8*$!
{
	archiveVersion = 1;
	classes = {
	};
	objectVersion = 46;
	objects = {

/* Begin PBXBuildFile section */
		03F8BE5FA250EDFEAC4EB6E9 /* Pods_FKLDownLoadListenUITests.framework in Frameworks */ = {isa = PBXBuildFile; fileRef = BAAD0660B6D6232DB5022F42 /* Pods_FKLDownLoadListenUITests.framework */; };
		8870AFF7FF20C5396304C940 /* Pods_FKLDownLoadListen.framework in Frameworks */ = {isa = PBXBuildFile; fileRef = 3314032DC54B45149C6A7523 /* Pods_FKLDownLoadListen.framework */; };
		93A0792BCE26A3A43CE57EC9 /* Pods_FKLDownLoadListenTests.framework in Frameworks */ = {isa = PBXBuildFile; fileRef = CF2658318E942AE2896598F8 /* Pods_FKLDownLoadListenTests.framework */; };
		BC20AEF91EF4C10000EE1461 /* main.m in Sources */ = {isa = PBXBuildFile; fileRef = BC20AEF81EF4C10000EE1461 /* main.m */; };
		BC20AEFC1EF4C10000EE1461 /* AppDelegate.m in Sources */ = {isa = PBXBuildFile; fileRef = BC20AEFB1EF4C10000EE1461 /* AppDelegate.m */; };
		BC20AEFF1EF4C10000EE1461 /* ViewController.m in Sources */ = {isa = PBXBuildFile; fileRef = BC20AEFE1EF4C10000EE1461 /* ViewController.m */; };
		BC20AF021EF4C10000EE1461 /* Main.storyboard in Resources */ = {isa = PBXBuildFile; fileRef = BC20AF001EF4C10000EE1461 /* Main.storyboard */; };
		BC20AF041EF4C10000EE1461 /* Assets.xcassets in Resources */ = {isa = PBXBuildFile; fileRef = BC20AF031EF4C10000EE1461 /* Assets.xcassets */; };
		BC20AF071EF4C10000EE1461 /* LaunchScreen.storyboard in Resources */ = {isa = PBXBuildFile; fileRef = BC20AF051EF4C10000EE1461 /* LaunchScreen.storyboard */; };
		BC20AF121EF4C10000EE1461 /* FKLDownLoadListenTests.m in Sources */ = {isa = PBXBuildFile; fileRef = BC20AF111EF4C10000EE1461 /* FKLDownLoadListenTests.m */; };
		BC20AF1D1EF4C10000EE1461 /* FKLDownLoadListenUITests.m in Sources */ = {isa = PBXBuildFile; fileRef = BC20AF1C1EF4C10000EE1461 /* FKLDownLoadListenUITests.m */; };
		BC20AF331EF4C2F800EE1461 /* FKLDownLoadBaseTVC.m in Sources */ = {isa = PBXBuildFile; fileRef = BC20AF321EF4C2F800EE1461 /* FKLDownLoadBaseTVC.m */; };
		BC20AF361EF4C33200EE1461 /* FKLAlbumTVC.m in Sources */ = {isa = PBXBuildFile; fileRef = BC20AF351EF4C33200EE1461 /* FKLAlbumTVC.m */; };
		BC20AF391EF4C35500EE1461 /* FKLDownLoadedVoiceTVC.m in Sources */ = {isa = PBXBuildFile; fileRef = BC20AF381EF4C35500EE1461 /* FKLDownLoadedVoiceTVC.m */; };
		BC20AF3C1EF4C37000EE1461 /* FKLDownLoadingTVC.m in Sources */ = {isa = PBXBuildFile; fileRef = BC20AF3B1EF4C37000EE1461 /* FKLDownLoadingTVC.m */; };
		BC20AF3F1EF4C3D300EE1461 /* FKLDownLoadListernMainVC.m in Sources */ = {isa = PBXBuildFile; fileRef = BC20AF3E1EF4C3D300EE1461 /* FKLDownLoadListernMainVC.m */; };
		BC20AF4E1EF4D0C300EE1461 /* FKLDownLoadView.m in Sources */ = {isa = PBXBuildFile; fileRef = BC20AF4D1EF4D0C300EE1461 /* FKLDownLoadView.m */; };
		BC20AF5A1EF4D61900EE1461 /* FKLSementBarVC.m in Sources */ = {isa = PBXBuildFile; fileRef = BC20AF531EF4D61900EE1461 /* FKLSementBarVC.m */; };
		BC20AF5B1EF4D61900EE1461 /* FKLSegmentBarConfigure.m in Sources */ = {isa = PBXBuildFile; fileRef = BC20AF561EF4D61900EE1461 /* FKLSegmentBarConfigure.m */; };
		BC20AF5C1EF4D61900EE1461 /* FKLSegmentBar.m in Sources */ = {isa = PBXBuildFile; fileRef = BC20AF591EF4D61900EE1461 /* FKLSegmentBar.m */; };
		BC20AF5F1EF4D68800EE1461 /* UIView+FKLSegmentBar.m in Sources */ = {isa = PBXBuildFile; fileRef = BC20AF5E1EF4D68800EE1461 /* UIView+FKLSegmentBar.m */; };
		BCFE6E381EF53F9A00CB6F24 /* FKLSessionManager.m in Sources */ = {isa = PBXBuildFile; fileRef = BCFE6E371EF53F9A00CB6F24 /* FKLSessionManager.m */; };
		BCFE6E401EF54A9C00CB6F24 /* FKLTodayFireDataTool.m in Sources */ = {isa = PBXBuildFile; fileRef = BCFE6E3F1EF54A9C00CB6F24 /* FKLTodayFireDataTool.m */; };
		BCFE6E431EF54ACC00CB6F24 /* FKLTodayFireMainVC.m in Sources */ = {isa = PBXBuildFile; fileRef = BCFE6E421EF54ACC00CB6F24 /* FKLTodayFireMainVC.m */; };
		BCFE6E461EF54AF300CB6F24 /* FKLTodayFireVideoListTVC.m in Sources */ = {isa = PBXBuildFile; fileRef = BCFE6E451EF54AF300CB6F24 /* FKLTodayFireVideoListTVC.m */; };
		BCFE6E491EF5705200CB6F24 /* FKLCategoryModel.m in Sources */ = {isa = PBXBuildFile; fileRef = BCFE6E481EF5705200CB6F24 /* FKLCategoryModel.m */; };
		BCFE6E4C1EF5707400CB6F24 /* FKLDownLoadVoiceModel.m in Sources */ = {isa = PBXBuildFile; fileRef = BCFE6E4B1EF5707400CB6F24 /* FKLDownLoadVoiceModel.m */; };
		BCFE6E4F1EF570A000CB6F24 /* FKLTodayFireVoiceCell.m in Sources */ = {isa = PBXBuildFile; fileRef = BCFE6E4E1EF570A000CB6F24 /* FKLTodayFireVoiceCell.m */; };
/* End PBXBuildFile section */

/* Begin PBXContainerItemProxy section */
		BC20AF0E1EF4C10000EE1461 /* PBXContainerItemProxy */ = {
			isa = PBXContainerItemProxy;
			containerPortal = BC20AEEC1EF4C10000EE1461 /* Project object */;
			proxyType = 1;
			remoteGlobalIDString = BC20AEF31EF4C10000EE1461;
			remoteInfo = FKLDownLoadListen;
		};
		BC20AF191EF4C10000EE1461 /* PBXContainerItemProxy */ = {
			isa = PBXContainerItemProxy;
			containerPortal = BC20AEEC1EF4C10000EE1461 /* Project object */;
			proxyType = 1;
			remoteGlobalIDString = BC20AEF31EF4C10000EE1461;
			remoteInfo = FKLDownLoadListen;
		};
/* End PBXContainerItemProxy section */

/* Begin PBXFileReference section */
		174D2ED2F8D972420A0E5B43 /* Pods-FKLDownLoadListenTests.debug.xcconfig */ = {isa = PBXFileReference; includeInIndex = 1; lastKnownFileType = text.xcconfig; name = "Pods-FKLDownLoadListenTests.debug.xcconfig"; path = "Pods/Target Support Files/Pods-FKLDownLoadListenTests/Pods-FKLDownLoadListenTests.debug.xcconfig"; sourceTree = "<group>"; };
		3314032DC54B45149C6A7523 /* Pods_FKLDownLoadListen.framework */ = {isa = PBXFileReference; explicitFileType = wrapper.framework; includeInIndex = 0; path = Pods_FKLDownLoadListen.framework; sourceTree = BUILT_PRODUCTS_DIR; };
		4583F4A4F65FFD1606EE6943 /* Pods-FKLDownLoadListenTests.release.xcconfig */ = {isa = PBXFileReference; includeInIndex = 1; lastKnownFileType = text.xcconfig; name = "Pods-FKLDownLoadListenTests.release.xcconfig"; path = "Pods/Target Support Files/Pods-FKLDownLoadListenTests/Pods-FKLDownLoadListenTests.release.xcconfig"; sourceTree = "<group>"; };
		92109D8A0E49B7DBF01ADB89 /* Pods-FKLDownLoadListen.release.xcconfig */ = {isa = PBXFileReference; includeInIndex = 1; lastKnownFileType = text.xcconfig; name = "Pods-FKLDownLoadListen.release.xcconfig"; path = "Pods/Target Support Files/Pods-FKLDownLoadListen/Pods-FKLDownLoadListen.release.xcconfig"; sourceTree = "<group>"; };
		BAAD0660B6D6232DB5022F42 /* Pods_FKLDownLoadListenUITests.framework */ = {isa = PBXFileReference; explicitFileType = wrapper.framework; includeInIndex = 0; path = Pods_FKLDownLoadListenUITests.framework; sourceTree = BUILT_PRODUCTS_DIR; };
		BC20AEF41EF4C10000EE1461 /* FKLDownLoadListen.app */ = {isa = PBXFileReference; explicitFileType = wrapper.application; includeInIndex = 0; path = FKLDownLoadListen.app; sourceTree = BUILT_PRODUCTS_DIR; };
		BC20AEF81EF4C10000EE1461 /* main.m */ = {isa = PBXFileReference; lastKnownFileType = sourcecode.c.objc; path = main.m; sourceTree = "<group>"; };
		BC20AEFA1EF4C10000EE1461 /* AppDelegate.h */ = {isa = PBXFileReference; lastKnownFileType = sourcecode.c.h; name = AppDelegate.h; path = ../../AppDelegate.h; sourceTree = "<group>"; };
		BC20AEFB1EF4C10000EE1461 /* AppDelegate.m */ = {isa = PBXFileReference; lastKnownFileType = sourcecode.c.objc; name = AppDelegate.m; path = ../../AppDelegate.m; sourceTree = "<group>"; };
		BC20AEFD1EF4C10000EE1461 /* ViewController.h */ = {isa = PBXFileReference; lastKnownFileType = sourcecode.c.h; name = ViewController.h; path = ../../ViewController.h; sourceTree = "<group>"; };
		BC20AEFE1EF4C10000EE1461 /* ViewController.m */ = {isa = PBXFileReference; lastKnownFileType = sourcecode.c.objc; name = ViewController.m; path = ../../ViewController.m; sourceTree = "<group>"; };
		BC20AF011EF4C10000EE1461 /* Base */ = {isa = PBXFileReference; lastKnownFileType = file.storyboard; name = Base; path = Base.lproj/Main.storyboard; sourceTree = "<group>"; };
		BC20AF031EF4C10000EE1461 /* Assets.xcassets */ = {isa = PBXFileReference; lastKnownFileType = folder.assetcatalog; path = Assets.xcassets; sourceTree = "<group>"; };
		BC20AF061EF4C10000EE1461 /* Base */ = {isa = PBXFileReference; lastKnownFileType = file.storyboard; name = Base; path = Base.lproj/LaunchScreen.storyboard; sourceTree = "<group>"; };
		BC20AF081EF4C10000EE1461 /* Info.plist */ = {isa = PBXFileReference; lastKnownFileType = text.plist.xml; path = Info.plist; sourceTree = "<group>"; };
		BC20AF0D1EF4C10000EE1461 /* FKLDownLoadListenTests.xctest */ = {isa = PBXFileReference; explicitFileType = wrapper.cfbundle; includeInIndex = 0; path = FKLDownLoadListenTests.xctest; sourceTree = BUILT_PRODUCTS_DIR; };
		BC20AF111EF4C10000EE1461 /* FKLDownLoadListenTests.m */ = {isa = PBXFileReference; lastKnownFileType = sourcecode.c.objc; path = FKLDownLoadListenTests.m; sourceTree = "<group>"; };
		BC20AF131EF4C10000EE1461 /* Info.plist */ = {isa = PBXFileReference; lastKnownFileType = text.plist.xml; path = Info.plist; sourceTree = "<group>"; };
		BC20AF181EF4C10000EE1461 /* FKLDownLoadListenUITests.xctest */ = {isa = PBXFileReference; explicitFileType = wrapper.cfbundle; includeInIndex = 0; path = FKLDownLoadListenUITests.xctest; sourceTree = BUILT_PRODUCTS_DIR; };
		BC20AF1C1EF4C10000EE1461 /* FKLDownLoadListenUITests.m */ = {isa = PBXFileReference; lastKnownFileType = sourcecode.c.objc; path = FKLDownLoadListenUITests.m; sourceTree = "<group>"; };
		BC20AF1E1EF4C10000EE1461 /* Info.plist */ = {isa = PBXFileReference; lastKnownFileType = text.plist.xml; path = Info.plist; sourceTree = "<group>"; };
		BC20AF311EF4C2F800EE1461 /* FKLDownLoadBaseTVC.h */ = {isa = PBXFileReference; fileEncoding = 4; lastKnownFileType = sourcecode.c.h; path = FKLDownLoadBaseTVC.h; sourceTree = "<group>"; };
		BC20AF321EF4C2F800EE1461 /* FKLDownLoadBaseTVC.m */ = {isa = PBXFileReference; fileEncoding = 4; lastKnownFileType = sourcecode.c.objc; path = FKLDownLoadBaseTVC.m; sourceTree = "<group>"; };
		BC20AF341EF4C33200EE1461 /* FKLAlbumTVC.h */ = {isa = PBXFileReference; fileEncoding = 4; lastKnownFileType = sourcecode.c.h; path = FKLAlbumTVC.h; sourceTree = "<group>"; };
		BC20AF351EF4C33200EE1461 /* FKLAlbumTVC.m */ = {isa = PBXFileReference; fileEncoding = 4; lastKnownFileType = sourcecode.c.objc; path = FKLAlbumTVC.m; sourceTree = "<group>"; };
		BC20AF371EF4C35500EE1461 /* FKLDownLoadedVoiceTVC.h */ = {isa = PBXFileReference; fileEncoding = 4; lastKnownFileType = sourcecode.c.h; path = FKLDownLoadedVoiceTVC.h; sourceTree = "<group>"; };
		BC20AF381EF4C35500EE1461 /* FKLDownLoadedVoiceTVC.m */ = {isa = PBXFileReference; fileEncoding = 4; lastKnownFileType = sourcecode.c.objc; path = FKLDownLoadedVoiceTVC.m; sourceTree = "<group>"; };
		BC20AF3A1EF4C37000EE1461 /* FKLDownLoadingTVC.h */ = {isa = PBXFileReference; fileEncoding = 4; lastKnownFileType = sourcecode.c.h; path = FKLDownLoadingTVC.h; sourceTree = "<group>"; };
		BC20AF3B1EF4C37000EE1461 /* FKLDownLoadingTVC.m */ = {isa = PBXFileReference; fileEncoding = 4; lastKnownFileType = sourcecode.c.objc; path = FKLDownLoadingTVC.m; sourceTree = "<group>"; };
		BC20AF3D1EF4C3D300EE1461 /* FKLDownLoadListernMainVC.h */ = {isa = PBXFileReference; fileEncoding = 4; lastKnownFileType = sourcecode.c.h; path = FKLDownLoadListernMainVC.h; sourceTree = "<group>"; };
		BC20AF3E1EF4C3D300EE1461 /* FKLDownLoadListernMainVC.m */ = {isa = PBXFileReference; fileEncoding = 4; lastKnownFileType = sourcecode.c.objc; path = FKLDownLoadListernMainVC.m; sourceTree = "<group>"; };
		BC20AF4C1EF4D0C300EE1461 /* FKLDownLoadView.h */ = {isa = PBXFileReference; fileEncoding = 4; lastKnownFileType = sourcecode.c.h; path = FKLDownLoadView.h; sourceTree = "<group>"; };
		BC20AF4D1EF4D0C300EE1461 /* FKLDownLoadView.m */ = {isa = PBXFileReference; fileEncoding = 4; lastKnownFileType = sourcecode.c.objc; path = FKLDownLoadView.m; sourceTree = "<group>"; };
		BC20AF521EF4D61900EE1461 /* FKLSementBarVC.h */ = {isa = PBXFileReference; fileEncoding = 4; lastKnownFileType = sourcecode.c.h; path = FKLSementBarVC.h; sourceTree = "<group>"; };
		BC20AF531EF4D61900EE1461 /* FKLSementBarVC.m */ = {isa = PBXFileReference; fileEncoding = 4; lastKnownFileType = sourcecode.c.objc; path = FKLSementBarVC.m; sourceTree = "<group>"; };
		BC20AF551EF4D61900EE1461 /* FKLSegmentBarConfigure.h */ = {isa = PBXFileReference; fileEncoding = 4; lastKnownFileType = sourcecode.c.h; path = FKLSegmentBarConfigure.h; sourceTree = "<group>"; };
		BC20AF561EF4D61900EE1461 /* FKLSegmentBarConfigure.m */ = {isa = PBXFileReference; fileEncoding = 4; lastKnownFileType = sourcecode.c.objc; path = FKLSegmentBarConfigure.m; sourceTree = "<group>"; };
		BC20AF581EF4D61900EE1461 /* FKLSegmentBar.h */ = {isa = PBXFileReference; fileEncoding = 4; lastKnownFileType = sourcecode.c.h; path = FKLSegmentBar.h; sourceTree = "<group>"; };
		BC20AF591EF4D61900EE1461 /* FKLSegmentBar.m */ = {isa = PBXFileReference; fileEncoding = 4; lastKnownFileType = sourcecode.c.objc; path = FKLSegmentBar.m; sourceTree = "<group>"; };
		BC20AF5D1EF4D68800EE1461 /* UIView+FKLSegmentBar.h */ = {isa = PBXFileReference; fileEncoding = 4; lastKnownFileType = sourcecode.c.h; path = "UIView+FKLSegmentBar.h"; sourceTree = "<group>"; };
		BC20AF5E1EF4D68800EE1461 /* UIView+FKLSegmentBar.m */ = {isa = PBXFileReference; fileEncoding = 4; lastKnownFileType = sourcecode.c.objc; path = "UIView+FKLSegmentBar.m"; sourceTree = "<group>"; };
		BCFE6E361EF53F9A00CB6F24 /* FKLSessionManager.h */ = {isa = PBXFileReference; fileEncoding = 4; lastKnownFileType = sourcecode.c.h; path = FKLSessionManager.h; sourceTree = "<group>"; };
		BCFE6E371EF53F9A00CB6F24 /* FKLSessionManager.m */ = {isa = PBXFileReference; fileEncoding = 4; lastKnownFileType = sourcecode.c.objc; path = FKLSessionManager.m; sourceTree = "<group>"; };
		BCFE6E3E1EF54A9C00CB6F24 /* FKLTodayFireDataTool.h */ = {isa = PBXFileReference; fileEncoding = 4; lastKnownFileType = sourcecode.c.h; path = FKLTodayFireDataTool.h; sourceTree = "<group>"; };
		BCFE6E3F1EF54A9C00CB6F24 /* FKLTodayFireDataTool.m */ = {isa = PBXFileReference; fileEncoding = 4; lastKnownFileType = sourcecode.c.objc; path = FKLTodayFireDataTool.m; sourceTree = "<group>"; };
		BCFE6E411EF54ACC00CB6F24 /* FKLTodayFireMainVC.h */ = {isa = PBXFileReference; fileEncoding = 4; lastKnownFileType = sourcecode.c.h; path = FKLTodayFireMainVC.h; sourceTree = "<group>"; };
		BCFE6E421EF54ACC00CB6F24 /* FKLTodayFireMainVC.m */ = {isa = PBXFileReference; fileEncoding = 4; lastKnownFileType = sourcecode.c.objc; path = FKLTodayFireMainVC.m; sourceTree = "<group>"; };
		BCFE6E441EF54AF300CB6F24 /* FKLTodayFireVideoListTVC.h */ = {isa = PBXFileReference; fileEncoding = 4; lastKnownFileType = sourcecode.c.h; path = FKLTodayFireVideoListTVC.h; sourceTree = "<group>"; };
		BCFE6E451EF54AF300CB6F24 /* FKLTodayFireVideoListTVC.m */ = {isa = PBXFileReference; fileEncoding = 4; lastKnownFileType = sourcecode.c.objc; path = FKLTodayFireVideoListTVC.m; sourceTree = "<group>"; };
		BCFE6E471EF5705200CB6F24 /* FKLCategoryModel.h */ = {isa = PBXFileReference; fileEncoding = 4; lastKnownFileType = sourcecode.c.h; path = FKLCategoryModel.h; sourceTree = "<group>"; };
		BCFE6E481EF5705200CB6F24 /* FKLCategoryModel.m */ = {isa = PBXFileReference; fileEncoding = 4; lastKnownFileType = sourcecode.c.objc; path = FKLCategoryModel.m; sourceTree = "<group>"; };
		BCFE6E4A1EF5707400CB6F24 /* FKLDownLoadVoiceModel.h */ = {isa = PBXFileReference; fileEncoding = 4; lastKnownFileType = sourcecode.c.h; path = FKLDownLoadVoiceModel.h; sourceTree = "<group>"; };
		BCFE6E4B1EF5707400CB6F24 /* FKLDownLoadVoiceModel.m */ = {isa = PBXFileReference; fileEncoding = 4; lastKnownFileType = sourcecode.c.objc; path = FKLDownLoadVoiceModel.m; sourceTree = "<group>"; };
		BCFE6E4D1EF570A000CB6F24 /* FKLTodayFireVoiceCell.h */ = {isa = PBXFileReference; fileEncoding = 4; lastKnownFileType = sourcecode.c.h; path = FKLTodayFireVoiceCell.h; sourceTree = "<group>"; };
		BCFE6E4E1EF570A000CB6F24 /* FKLTodayFireVoiceCell.m */ = {isa = PBXFileReference; fileEncoding = 4; lastKnownFileType = sourcecode.c.objc; path = FKLTodayFireVoiceCell.m; sourceTree = "<group>"; };
		CF2658318E942AE2896598F8 /* Pods_FKLDownLoadListenTests.framework */ = {isa = PBXFileReference; explicitFileType = wrapper.framework; includeInIndex = 0; path = Pods_FKLDownLoadListenTests.framework; sourceTree = BUILT_PRODUCTS_DIR; };
		E8FC3AAAD9B1814B680F8417 /* Pods-FKLDownLoadListenUITests.release.xcconfig */ = {isa = PBXFileReference; includeInIndex = 1; lastKnownFileType = text.xcconfig; name = "Pods-FKLDownLoadListenUITests.release.xcconfig"; path = "Pods/Target Support Files/Pods-FKLDownLoadListenUITests/Pods-FKLDownLoadListenUITests.release.xcconfig"; sourceTree = "<group>"; };
		ED0A1347C663D50661CD8FD6 /* Pods-FKLDownLoadListenUITests.debug.xcconfig */ = {isa = PBXFileReference; includeInIndex = 1; lastKnownFileType = text.xcconfig; name = "Pods-FKLDownLoadListenUITests.debug.xcconfig"; path = "Pods/Target Support Files/Pods-FKLDownLoadListenUITests/Pods-FKLDownLoadListenUITests.debug.xcconfig"; sourceTree = "<group>"; };
		FE03F9F8243D01308BEB13F0 /* Pods-FKLDownLoadListen.debug.xcconfig */ = {isa = PBXFileReference; includeInIndex = 1; lastKnownFileType = text.xcconfig; name = "Pods-FKLDownLoadListen.debug.xcconfig"; path = "Pods/Target Support Files/Pods-FKLDownLoadListen/Pods-FKLDownLoadListen.debug.xcconfig"; sourceTree = "<group>"; };
/* End PBXFileReference section */

/* Begin PBXFrameworksBuildPhase section */
		BC20AEF11EF4C10000EE1461 /* Frameworks */ = {
			isa = PBXFrameworksBuildPhase;
			buildActionMask = 2147483647;
			files = (
				8870AFF7FF20C5396304C940 /* Pods_FKLDownLoadListen.framework in Frameworks */,
			);
			runOnlyForDeploymentPostprocessing = 0;
		};
		BC20AF0A1EF4C10000EE1461 /* Frameworks */ = {
			isa = PBXFrameworksBuildPhase;
			buildActionMask = 2147483647;
			files = (
				93A0792BCE26A3A43CE57EC9 /* Pods_FKLDownLoadListenTests.framework in Frameworks */,
			);
			runOnlyForDeploymentPostprocessing = 0;
		};
		BC20AF151EF4C10000EE1461 /* Frameworks */ = {
			isa = PBXFrameworksBuildPhase;
			buildActionMask = 2147483647;
			files = (
				03F8BE5FA250EDFEAC4EB6E9 /* Pods_FKLDownLoadListenUITests.framework in Frameworks */,
			);
			runOnlyForDeploymentPostprocessing = 0;
		};
/* End PBXFrameworksBuildPhase section */

/* Begin PBXGroup section */
		61D42956B33CCF1DD11ADB59 /* Pods */ = {
			isa = PBXGroup;
			children = (
				FE03F9F8243D01308BEB13F0 /* Pods-FKLDownLoadListen.debug.xcconfig */,
				92109D8A0E49B7DBF01ADB89 /* Pods-FKLDownLoadListen.release.xcconfig */,
				174D2ED2F8D972420A0E5B43 /* Pods-FKLDownLoadListenTests.debug.xcconfig */,
				4583F4A4F65FFD1606EE6943 /* Pods-FKLDownLoadListenTests.release.xcconfig */,
				ED0A1347C663D50661CD8FD6 /* Pods-FKLDownLoadListenUITests.debug.xcconfig */,
				E8FC3AAAD9B1814B680F8417 /* Pods-FKLDownLoadListenUITests.release.xcconfig */,
			);
			name = Pods;
			sourceTree = "<group>";
		};
		AFF9C637F6518F0FDEF73FF7 /* Frameworks */ = {
			isa = PBXGroup;
			children = (
				3314032DC54B45149C6A7523 /* Pods_FKLDownLoadListen.framework */,
				CF2658318E942AE2896598F8 /* Pods_FKLDownLoadListenTests.framework */,
				BAAD0660B6D6232DB5022F42 /* Pods_FKLDownLoadListenUITests.framework */,
			);
			name = Frameworks;
			sourceTree = "<group>";
		};
		BC20AEEB1EF4C10000EE1461 = {
			isa = PBXGroup;
			children = (
				BC20AEF61EF4C10000EE1461 /* FKLDownLoadListen */,
				BC20AF101EF4C10000EE1461 /* FKLDownLoadListenTests */,
				BC20AF1B1EF4C10000EE1461 /* FKLDownLoadListenUITests */,
				BC20AEF51EF4C10000EE1461 /* Products */,
				61D42956B33CCF1DD11ADB59 /* Pods */,
				AFF9C637F6518F0FDEF73FF7 /* Frameworks */,
			);
			sourceTree = "<group>";
		};
		BC20AEF51EF4C10000EE1461 /* Products */ = {
			isa = PBXGroup;
			children = (
				BC20AEF41EF4C10000EE1461 /* FKLDownLoadListen.app */,
				BC20AF0D1EF4C10000EE1461 /* FKLDownLoadListenTests.xctest */,
				BC20AF181EF4C10000EE1461 /* FKLDownLoadListenUITests.xctest */,
			);
			name = Products;
			sourceTree = "<group>";
		};
		BC20AEF61EF4C10000EE1461 /* FKLDownLoadListen */ = {
			isa = PBXGroup;
			children = (
				BC20AF2A1EF4C22A00EE1461 /* Classes */,
				BC20AEF71EF4C10000EE1461 /* Supporting Files */,
			);
			path = FKLDownLoadListen;
			sourceTree = "<group>";
		};
		BC20AEF71EF4C10000EE1461 /* Supporting Files */ = {
			isa = PBXGroup;
			children = (
				BC20AF051EF4C10000EE1461 /* LaunchScreen.storyboard */,
				BC20AF031EF4C10000EE1461 /* Assets.xcassets */,
				BC20AF001EF4C10000EE1461 /* Main.storyboard */,
				BC20AF081EF4C10000EE1461 /* Info.plist */,
				BC20AEF81EF4C10000EE1461 /* main.m */,
			);
			name = "Supporting Files";
			sourceTree = "<group>";
		};
		BC20AF101EF4C10000EE1461 /* FKLDownLoadListenTests */ = {
			isa = PBXGroup;
			children = (
				BC20AF111EF4C10000EE1461 /* FKLDownLoadListenTests.m */,
				BC20AF131EF4C10000EE1461 /* Info.plist */,
			);
			path = FKLDownLoadListenTests;
			sourceTree = "<group>";
		};
		BC20AF1B1EF4C10000EE1461 /* FKLDownLoadListenUITests */ = {
			isa = PBXGroup;
			children = (
				BC20AF1C1EF4C10000EE1461 /* FKLDownLoadListenUITests.m */,
				BC20AF1E1EF4C10000EE1461 /* Info.plist */,
			);
			path = FKLDownLoadListenUITests;
			sourceTree = "<group>";
		};
		BC20AF2A1EF4C22A00EE1461 /* Classes */ = {
			isa = PBXGroup;
			children = (
				BCFE6E391EF543B300CB6F24 /* FKLTodayFire */,
				BC20AF2B1EF4C22A00EE1461 /* FKLDownLoadListen */,
				BC20AF2F1EF4C22A00EE1461 /* Other */,
				BC20AF301EF4C22A00EE1461 /* Resource */,
			);
			path = Classes;
			sourceTree = "<group>";
		};
		BC20AF2B1EF4C22A00EE1461 /* FKLDownLoadListen */ = {
			isa = PBXGroup;
			children = (
				BC20AF2C1EF4C22A00EE1461 /* Controller */,
				BC20AF2D1EF4C22A00EE1461 /* Model */,
				BC20AF2E1EF4C22A00EE1461 /* View */,
			);
			path = FKLDownLoadListen;
			sourceTree = "<group>";
		};
		BC20AF2C1EF4C22A00EE1461 /* Controller */ = {
			isa = PBXGroup;
			children = (
				BC20AF311EF4C2F800EE1461 /* FKLDownLoadBaseTVC.h */,
				BC20AF321EF4C2F800EE1461 /* FKLDownLoadBaseTVC.m */,
				BC20AF341EF4C33200EE1461 /* FKLAlbumTVC.h */,
				BC20AF351EF4C33200EE1461 /* FKLAlbumTVC.m */,
				BC20AF371EF4C35500EE1461 /* FKLDownLoadedVoiceTVC.h */,
				BC20AF381EF4C35500EE1461 /* FKLDownLoadedVoiceTVC.m */,
				BC20AF3A1EF4C37000EE1461 /* FKLDownLoadingTVC.h */,
				BC20AF3B1EF4C37000EE1461 /* FKLDownLoadingTVC.m */,
				BC20AF3D1EF4C3D300EE1461 /* FKLDownLoadListernMainVC.h */,
				BC20AF3E1EF4C3D300EE1461 /* FKLDownLoadListernMainVC.m */,
			);
			path = Controller;
			sourceTree = "<group>";
		};
		BC20AF2D1EF4C22A00EE1461 /* Model */ = {
			isa = PBXGroup;
			children = (
			);
			path = Model;
			sourceTree = "<group>";
		};
		BC20AF2E1EF4C22A00EE1461 /* View */ = {
			isa = PBXGroup;
			children = (
				BC20AF4C1EF4D0C300EE1461 /* FKLDownLoadView.h */,
				BC20AF4D1EF4D0C300EE1461 /* FKLDownLoadView.m */,
			);
			path = View;
			sourceTree = "<group>";
		};
		BC20AF2F1EF4C22A00EE1461 /* Other */ = {
			isa = PBXGroup;
			children = (
				BCFE6E351EF53F6200CB6F24 /* Network */,
				BCFE6E341EF53F3B00CB6F24 /* Category */,
				BC20AF4F1EF4D61900EE1461 /* Lib */,
				BC20AEFA1EF4C10000EE1461 /* AppDelegate.h */,
				BC20AEFB1EF4C10000EE1461 /* AppDelegate.m */,
				BC20AEFD1EF4C10000EE1461 /* ViewController.h */,
				BC20AEFE1EF4C10000EE1461 /* ViewController.m */,
			);
			path = Other;
			sourceTree = "<group>";
		};
		BC20AF301EF4C22A00EE1461 /* Resource */ = {
			isa = PBXGroup;
			children = (
			);
			path = Resource;
			sourceTree = "<group>";
		};
		BC20AF4F1EF4D61900EE1461 /* Lib */ = {
			isa = PBXGroup;
			children = (
				BC20AF501EF4D61900EE1461 /* FKLSegmentBar */,
			);
			path = Lib;
			sourceTree = "<group>";
		};
		BC20AF501EF4D61900EE1461 /* FKLSegmentBar */ = {
			isa = PBXGroup;
			children = (
				BC20AF511EF4D61900EE1461 /* Controller */,
				BC20AF541EF4D61900EE1461 /* Model */,
				BC20AF571EF4D61900EE1461 /* View */,
			);
			path = FKLSegmentBar;
			sourceTree = "<group>";
		};
		BC20AF511EF4D61900EE1461 /* Controller */ = {
			isa = PBXGroup;
			children = (
				BC20AF521EF4D61900EE1461 /* FKLSementBarVC.h */,
				BC20AF531EF4D61900EE1461 /* FKLSementBarVC.m */,
			);
			path = Controller;
			sourceTree = "<group>";
		};
		BC20AF541EF4D61900EE1461 /* Model */ = {
			isa = PBXGroup;
			children = (
				BC20AF551EF4D61900EE1461 /* FKLSegmentBarConfigure.h */,
				BC20AF561EF4D61900EE1461 /* FKLSegmentBarConfigure.m */,
			);
			path = Model;
			sourceTree = "<group>";
		};
		BC20AF571EF4D61900EE1461 /* View */ = {
			isa = PBXGroup;
			children = (
				BC20AF581EF4D61900EE1461 /* FKLSegmentBar.h */,
				BC20AF591EF4D61900EE1461 /* FKLSegmentBar.m */,
				BC20AF5D1EF4D68800EE1461 /* UIView+FKLSegmentBar.h */,
				BC20AF5E1EF4D68800EE1461 /* UIView+FKLSegmentBar.m */,
			);
			path = View;
			sourceTree = "<group>";
		};
		BCFE6E341EF53F3B00CB6F24 /* Category */ = {
			isa = PBXGroup;
			children = (
			);
			name = Category;
			sourceTree = "<group>";
		};
		BCFE6E351EF53F6200CB6F24 /* Network */ = {
			isa = PBXGroup;
			children = (
				BCFE6E361EF53F9A00CB6F24 /* FKLSessionManager.h */,
				BCFE6E371EF53F9A00CB6F24 /* FKLSessionManager.m */,
			);
			name = Network;
			sourceTree = "<group>";
		};
		BCFE6E391EF543B300CB6F24 /* FKLTodayFire */ = {
			isa = PBXGroup;
			children = (
				BCFE6E3D1EF54A7700CB6F24 /* DataTool */,
				BCFE6E3A1EF543B300CB6F24 /* Controller */,
				BCFE6E3B1EF543B300CB6F24 /* Model */,
				BCFE6E3C1EF543B300CB6F24 /* View */,
			);
			path = FKLTodayFire;
			sourceTree = "<group>";
		};
		BCFE6E3A1EF543B300CB6F24 /* Controller */ = {
			isa = PBXGroup;
			children = (
				BCFE6E411EF54ACC00CB6F24 /* FKLTodayFireMainVC.h */,
				BCFE6E421EF54ACC00CB6F24 /* FKLTodayFireMainVC.m */,
				BCFE6E441EF54AF300CB6F24 /* FKLTodayFireVideoListTVC.h */,
				BCFE6E451EF54AF300CB6F24 /* FKLTodayFireVideoListTVC.m */,
			);
			path = Controller;
			sourceTree = "<group>";
		};
		BCFE6E3B1EF543B300CB6F24 /* Model */ = {
			isa = PBXGroup;
			children = (
				BCFE6E471EF5705200CB6F24 /* FKLCategoryModel.h */,
				BCFE6E481EF5705200CB6F24 /* FKLCategoryModel.m */,
				BCFE6E4A1EF5707400CB6F24 /* FKLDownLoadVoiceModel.h */,
				BCFE6E4B1EF5707400CB6F24 /* FKLDownLoadVoiceModel.m */,
			);
			path = Model;
			sourceTree = "<group>";
		};
		BCFE6E3C1EF543B300CB6F24 /* View */ = {
			isa = PBXGroup;
			children = (
				BCFE6E4D1EF570A000CB6F24 /* FKLTodayFireVoiceCell.h */,
				BCFE6E4E1EF570A000CB6F24 /* FKLTodayFireVoiceCell.m */,
			);
			path = View;
			sourceTree = "<group>";
		};
		BCFE6E3D1EF54A7700CB6F24 /* DataTool */ = {
			isa = PBXGroup;
			children = (
				BCFE6E3E1EF54A9C00CB6F24 /* FKLTodayFireDataTool.h */,
				BCFE6E3F1EF54A9C00CB6F24 /* FKLTodayFireDataTool.m */,
			);
			name = DataTool;
			sourceTree = "<group>";
		};
/* End PBXGroup section */

/* Begin PBXNativeTarget section */
		BC20AEF31EF4C10000EE1461 /* FKLDownLoadListen */ = {
			isa = PBXNativeTarget;
			buildConfigurationList = BC20AF211EF4C10000EE1461 /* Build configuration list for PBXNativeTarget "FKLDownLoadListen" */;
			buildPhases = (
				849AD656FDC05EACC052B136 /* [CP] Check Pods Manifest.lock */,
				BC20AEF01EF4C10000EE1461 /* Sources */,
				BC20AEF11EF4C10000EE1461 /* Frameworks */,
				BC20AEF21EF4C10000EE1461 /* Resources */,
				ABA3F6297946810A6342D644 /* [CP] Embed Pods Frameworks */,
				0E66625B39FB5DE29526D689 /* [CP] Copy Pods Resources */,
			);
			buildRules = (
			);
			dependencies = (
			);
			name = FKLDownLoadListen;
			productName = FKLDownLoadListen;
			productReference = BC20AEF41EF4C10000EE1461 /* FKLDownLoadListen.app */;
			productType = "com.apple.product-type.application";
		};
		BC20AF0C1EF4C10000EE1461 /* FKLDownLoadListenTests */ = {
			isa = PBXNativeTarget;
			buildConfigurationList = BC20AF241EF4C10000EE1461 /* Build configuration list for PBXNativeTarget "FKLDownLoadListenTests" */;
			buildPhases = (
				DC213205BE9C6EF4F2F798E5 /* [CP] Check Pods Manifest.lock */,
				BC20AF091EF4C10000EE1461 /* Sources */,
				BC20AF0A1EF4C10000EE1461 /* Frameworks */,
				BC20AF0B1EF4C10000EE1461 /* Resources */,
				5C5DA79360C9F4E2F5B396AE /* [CP] Embed Pods Frameworks */,
				AEEF4B2B2574DBD36BBBDE1D /* [CP] Copy Pods Resources */,
			);
			buildRules = (
			);
			dependencies = (
				BC20AF0F1EF4C10000EE1461 /* PBXTargetDependency */,
			);
			name = FKLDownLoadListenTests;
			productName = FKLDownLoadListenTests;
			productReference = BC20AF0D1EF4C10000EE1461 /* FKLDownLoadListenTests.xctest */;
			productType = "com.apple.product-type.bundle.unit-test";
		};
		BC20AF171EF4C10000EE1461 /* FKLDownLoadListenUITests */ = {
			isa = PBXNativeTarget;
			buildConfigurationList = BC20AF271EF4C10000EE1461 /* Build configuration list for PBXNativeTarget "FKLDownLoadListenUITests" */;
			buildPhases = (
				820286614A8943441C21C317 /* [CP] Check Pods Manifest.lock */,
				BC20AF141EF4C10000EE1461 /* Sources */,
				BC20AF151EF4C10000EE1461 /* Frameworks */,
				BC20AF161EF4C10000EE1461 /* Resources */,
				AD069C0796E587D20B47DDB9 /* [CP] Embed Pods Frameworks */,
				C378337D9C426EF9B807D370 /* [CP] Copy Pods Resources */,
			);
			buildRules = (
			);
			dependencies = (
				BC20AF1A1EF4C10000EE1461 /* PBXTargetDependency */,
			);
			name = FKLDownLoadListenUITests;
			productName = FKLDownLoadListenUITests;
			productReference = BC20AF181EF4C10000EE1461 /* FKLDownLoadListenUITests.xctest */;
			productType = "com.apple.product-type.bundle.ui-testing";
		};
/* End PBXNativeTarget section */

/* Begin PBXProject section */
		BC20AEEC1EF4C10000EE1461 /* Project object */ = {
			isa = PBXProject;
			attributes = {
				LastUpgradeCheck = 0830;
				ORGANIZATIONNAME = kun;
				TargetAttributes = {
					BC20AEF31EF4C10000EE1461 = {
						CreatedOnToolsVersion = 8.3.1;
						ProvisioningStyle = Automatic;
					};
					BC20AF0C1EF4C10000EE1461 = {
						CreatedOnToolsVersion = 8.3.1;
						ProvisioningStyle = Automatic;
						TestTargetID = BC20AEF31EF4C10000EE1461;
					};
					BC20AF171EF4C10000EE1461 = {
						CreatedOnToolsVersion = 8.3.1;
						ProvisioningStyle = Automatic;
						TestTargetID = BC20AEF31EF4C10000EE1461;
					};
				};
			};
			buildConfigurationList = BC20AEEF1EF4C10000EE1461 /* Build configuration list for PBXProject "FKLDownLoadListen" */;
			compatibilityVersion = "Xcode 3.2";
			developmentRegion = English;
			hasScannedForEncodings = 0;
			knownRegions = (
				en,
				Base,
			);
			mainGroup = BC20AEEB1EF4C10000EE1461;
			productRefGroup = BC20AEF51EF4C10000EE1461 /* Products */;
			projectDirPath = "";
			projectRoot = "";
			targets = (
				BC20AEF31EF4C10000EE1461 /* FKLDownLoadListen */,
				BC20AF0C1EF4C10000EE1461 /* FKLDownLoadListenTests */,
				BC20AF171EF4C10000EE1461 /* FKLDownLoadListenUITests */,
			);
		};
/* End PBXProject section */

/* Begin PBXResourcesBuildPhase section */
		BC20AEF21EF4C10000EE1461 /* Resources */ = {
			isa = PBXResourcesBuildPhase;
			buildActionMask = 2147483647;
			files = (
				BC20AF071EF4C10000EE1461 /* LaunchScreen.storyboard in Resources */,
				BC20AF041EF4C10000EE1461 /* Assets.xcassets in Resources */,
				BC20AF021EF4C10000EE1461 /* Main.storyboard in Resources */,
			);
			runOnlyForDeploymentPostprocessing = 0;
		};
		BC20AF0B1EF4C10000EE1461 /* Resources */ = {
			isa = PBXResourcesBuildPhase;
			buildActionMask = 2147483647;
			files = (
			);
			runOnlyForDeploymentPostprocessing = 0;
		};
		BC20AF161EF4C10000EE1461 /* Resources */ = {
			isa = PBXResourcesBuildPhase;
			buildActionMask = 2147483647;
			files = (
			);
			runOnlyForDeploymentPostprocessing = 0;
		};
/* End PBXResourcesBuildPhase section */

/* Begin PBXShellScriptBuildPhase section */
		0E66625B39FB5DE29526D689 /* [CP] Copy Pods Resources */ = {
			isa = PBXShellScriptBuildPhase;
			buildActionMask = 2147483647;
			files = (
			);
			inputPaths = (
			);
			name = "[CP] Copy Pods Resources";
			outputPaths = (
			);
			runOnlyForDeploymentPostprocessing = 0;
			shellPath = /bin/sh;
			shellScript = "\"${SRCROOT}/Pods/Target Support Files/Pods-FKLDownLoadListen/Pods-FKLDownLoadListen-resources.sh\"\n";
			showEnvVarsInLog = 0;
		};
		5C5DA79360C9F4E2F5B396AE /* [CP] Embed Pods Frameworks */ = {
			isa = PBXShellScriptBuildPhase;
			buildActionMask = 2147483647;
			files = (
			);
			inputPaths = (
			);
			name = "[CP] Embed Pods Frameworks";
			outputPaths = (
			);
			runOnlyForDeploymentPostprocessing = 0;
			shellPath = /bin/sh;
			shellScript = "\"${SRCROOT}/Pods/Target Support Files/Pods-FKLDownLoadListenTests/Pods-FKLDownLoadListenTests-frameworks.sh\"\n";
			showEnvVarsInLog = 0;
		};
		820286614A8943441C21C317 /* [CP] Check Pods Manifest.lock */ = {
			isa = PBXShellScriptBuildPhase;
			buildActionMask = 2147483647;
			files = (
			);
			inputPaths = (
			);
			name = "[CP] Check Pods Manifest.lock";
			outputPaths = (
			);
			runOnlyForDeploymentPostprocessing = 0;
			shellPath = /bin/sh;
			shellScript = "diff \"${PODS_PODFILE_DIR_PATH}/Podfile.lock\" \"${PODS_ROOT}/Manifest.lock\" > /dev/null\nif [ $? != 0 ] ; then\n    # print error to STDERR\n    echo \"error: The sandbox is not in sync with the Podfile.lock. Run 'pod install' or update your CocoaPods installation.\" >&2\n    exit 1\nfi\n";
			showEnvVarsInLog = 0;
		};
		849AD656FDC05EACC052B136 /* [CP] Check Pods Manifest.lock */ = {
			isa = PBXShellScriptBuildPhase;
			buildActionMask = 2147483647;
			files = (
			);
			inputPaths = (
			);
			name = "[CP] Check Pods Manifest.lock";
			outputPaths = (
			);
			runOnlyForDeploymentPostprocessing = 0;
			shellPath = /bin/sh;
			shellScript = "diff \"${PODS_PODFILE_DIR_PATH}/Podfile.lock\" \"${PODS_ROOT}/Manifest.lock\" > /dev/null\nif [ $? != 0 ] ; then\n    # print error to STDERR\n    echo \"error: The sandbox is not in sync with the Podfile.lock. Run 'pod install' or update your CocoaPods installation.\" >&2\n    exit 1\nfi\n";
			showEnvVarsInLog = 0;
		};
		ABA3F6297946810A6342D644 /* [CP] Embed Pods Frameworks */ = {
			isa = PBXShellScriptBuildPhase;
			buildActionMask = 2147483647;
			files = (
			);
			inputPaths = (
			);
			name = "[CP] Embed Pods Frameworks";
			outputPaths = (
			);
			runOnlyForDeploymentPostprocessing = 0;
			shellPath = /bin/sh;
			shellScript = "\"${SRCROOT}/Pods/Target Support Files/Pods-FKLDownLoadListen/Pods-FKLDownLoadListen-frameworks.sh\"\n";
			showEnvVarsInLog = 0;
		};
		AD069C0796E587D20B47DDB9 /* [CP] Embed Pods Frameworks */ = {
			isa = PBXShellScriptBuildPhase;
			buildActionMask = 2147483647;
			files = (
			);
			inputPaths = (
			);
			name = "[CP] Embed Pods Frameworks";
			outputPaths = (
			);
			runOnlyForDeploymentPostprocessing = 0;
			shellPath = /bin/sh;
			shellScript = "\"${SRCROOT}/Pods/Target Support Files/Pods-FKLDownLoadListenUITests/Pods-FKLDownLoadListenUITests-frameworks.sh\"\n";
			showEnvVarsInLog = 0;
		};
		AEEF4B2B2574DBD36BBBDE1D /* [CP] Copy Pods Resources */ = {
			isa = PBXShellScriptBuildPhase;
			buildActionMask = 2147483647;
			files = (
			);
			inputPaths = (
			);
			name = "[CP] Copy Pods Resources";
			outputPaths = (
			);
			runOnlyForDeploymentPostprocessing = 0;
			shellPath = /bin/sh;
			shellScript = "\"${SRCROOT}/Pods/Target Support Files/Pods-FKLDownLoadListenTests/Pods-FKLDownLoadListenTests-resources.sh\"\n";
			showEnvVarsInLog = 0;
		};
		C378337D9C426EF9B807D370 /* [CP] Copy Pods Resources */ = {
			isa = PBXShellScriptBuildPhase;
			buildActionMask = 2147483647;
			files = (
			);
			inputPaths = (
			);
			name = "[CP] Copy Pods Resources";
			outputPaths = (
			);
			runOnlyForDeploymentPostprocessing = 0;
			shellPath = /bin/sh;
			shellScript = "\"${SRCROOT}/Pods/Target Support Files/Pods-FKLDownLoadListenUITests/Pods-FKLDownLoadListenUITests-resources.sh\"\n";
			showEnvVarsInLog = 0;
		};
		DC213205BE9C6EF4F2F798E5 /* [CP] Check Pods Manifest.lock */ = {
			isa = PBXShellScriptBuildPhase;
			buildActionMask = 2147483647;
			files = (
			);
			inputPaths = (
			);
			name = "[CP] Check Pods Manifest.lock";
			outputPaths = (
			);
			runOnlyForDeploymentPostprocessing = 0;
			shellPath = /bin/sh;
			shellScript = "diff \"${PODS_PODFILE_DIR_PATH}/Podfile.lock\" \"${PODS_ROOT}/Manifest.lock\" > /dev/null\nif [ $? != 0 ] ; then\n    # print error to STDERR\n    echo \"error: The sandbox is not in sync with the Podfile.lock. Run 'pod install' or update your CocoaPods installation.\" >&2\n    exit 1\nfi\n";
			showEnvVarsInLog = 0;
		};
/* End PBXShellScriptBuildPhase section */

/* Begin PBXSourcesBuildPhase section */
		BC20AEF01EF4C10000EE1461 /* Sources */ = {
			isa = PBXSourcesBuildPhase;
			buildActionMask = 2147483647;
			files = (
				BC20AF5B1EF4D61900EE1461 /* FKLSegmentBarConfigure.m in Sources */,
				BCFE6E431EF54ACC00CB6F24 /* FKLTodayFireMainVC.m in Sources */,
				BCFE6E4C1EF5707400CB6F24 /* FKLDownLoadVoiceModel.m in Sources */,
				BC20AF5A1EF4D61900EE1461 /* FKLSementBarVC.m in Sources */,
				BCFE6E381EF53F9A00CB6F24 /* FKLSessionManager.m in Sources */,
				BC20AF331EF4C2F800EE1461 /* FKLDownLoadBaseTVC.m in Sources */,
				BCFE6E491EF5705200CB6F24 /* FKLCategoryModel.m in Sources */,
				BC20AF3F1EF4C3D300EE1461 /* FKLDownLoadListernMainVC.m in Sources */,
				BCFE6E401EF54A9C00CB6F24 /* FKLTodayFireDataTool.m in Sources */,
				BC20AEFF1EF4C10000EE1461 /* ViewController.m in Sources */,
				BC20AF4E1EF4D0C300EE1461 /* FKLDownLoadView.m in Sources */,
				BC20AEFC1EF4C10000EE1461 /* AppDelegate.m in Sources */,
				BCFE6E4F1EF570A000CB6F24 /* FKLTodayFireVoiceCell.m in Sources */,
				BC20AF5C1EF4D61900EE1461 /* FKLSegmentBar.m in Sources */,
				BC20AF5F1EF4D68800EE1461 /* UIView+FKLSegmentBar.m in Sources */,
				BC20AF391EF4C35500EE1461 /* FKLDownLoadedVoiceTVC.m in Sources */,
				BCFE6E461EF54AF300CB6F24 /* FKLTodayFireVideoListTVC.m in Sources */,
				BC20AF361EF4C33200EE1461 /* FKLAlbumTVC.m in Sources */,
				BC20AEF91EF4C10000EE1461 /* main.m in Sources */,
				BC20AF3C1EF4C37000EE1461 /* FKLDownLoadingTVC.m in Sources */,
			);
			runOnlyForDeploymentPostprocessing = 0;
		};
		BC20AF091EF4C10000EE1461 /* Sources */ = {
			isa = PBXSourcesBuildPhase;
			buildActionMask = 2147483647;
			files = (
				BC20AF121EF4C10000EE1461 /* FKLDownLoadListenTests.m in Sources */,
			);
			runOnlyForDeploymentPostprocessing = 0;
		};
		BC20AF141EF4C10000EE1461 /* Sources */ = {
			isa = PBXSourcesBuildPhase;
			buildActionMask = 2147483647;
			files = (
				BC20AF1D1EF4C10000EE1461 /* FKLDownLoadListenUITests.m in Sources */,
			);
			runOnlyForDeploymentPostprocessing = 0;
		};
/* End PBXSourcesBuildPhase section */

/* Begin PBXTargetDependency section */
		BC20AF0F1EF4C10000EE1461 /* PBXTargetDependency */ = {
			isa = PBXTargetDependency;
			target = BC20AEF31EF4C10000EE1461 /* FKLDownLoadListen */;
			targetProxy = BC20AF0E1EF4C10000EE1461 /* PBXContainerItemProxy */;
		};
		BC20AF1A1EF4C10000EE1461 /* PBXTargetDependency */ = {
			isa = PBXTargetDependency;
			target = BC20AEF31EF4C10000EE1461 /* FKLDownLoadListen */;
			targetProxy = BC20AF191EF4C10000EE1461 /* PBXContainerItemProxy */;
		};
/* End PBXTargetDependency section */

/* Begin PBXVariantGroup section */
		BC20AF001EF4C10000EE1461 /* Main.storyboard */ = {
			isa = PBXVariantGroup;
			children = (
				BC20AF011EF4C10000EE1461 /* Base */,
			);
			name = Main.storyboard;
			sourceTree = "<group>";
		};
		BC20AF051EF4C10000EE1461 /* LaunchScreen.storyboard */ = {
			isa = PBXVariantGroup;
			children = (
				BC20AF061EF4C10000EE1461 /* Base */,
			);
			name = LaunchScreen.storyboard;
			sourceTree = "<group>";
		};
/* End PBXVariantGroup section */

/* Begin XCBuildConfiguration section */
		BC20AF1F1EF4C10000EE1461 /* Debug */ = {
			isa = XCBuildConfiguration;
			buildSettings = {
				ALWAYS_SEARCH_USER_PATHS = NO;
				CLANG_ANALYZER_NONNULL = YES;
				CLANG_ANALYZER_NUMBER_OBJECT_CONVERSION = YES_AGGRESSIVE;
				CLANG_CXX_LANGUAGE_STANDARD = "gnu++0x";
				CLANG_CXX_LIBRARY = "libc++";
				CLANG_ENABLE_MODULES = YES;
				CLANG_ENABLE_OBJC_ARC = YES;
				CLANG_WARN_BOOL_CONVERSION = YES;
				CLANG_WARN_CONSTANT_CONVERSION = YES;
				CLANG_WARN_DIRECT_OBJC_ISA_USAGE = YES_ERROR;
				CLANG_WARN_DOCUMENTATION_COMMENTS = YES;
				CLANG_WARN_EMPTY_BODY = YES;
				CLANG_WARN_ENUM_CONVERSION = YES;
				CLANG_WARN_INFINITE_RECURSION = YES;
				CLANG_WARN_INT_CONVERSION = YES;
				CLANG_WARN_OBJC_ROOT_CLASS = YES_ERROR;
				CLANG_WARN_SUSPICIOUS_MOVE = YES;
				CLANG_WARN_UNREACHABLE_CODE = YES;
				CLANG_WARN__DUPLICATE_METHOD_MATCH = YES;
				"CODE_SIGN_IDENTITY[sdk=iphoneos*]" = "iPhone Developer";
				COPY_PHASE_STRIP = NO;
				DEBUG_INFORMATION_FORMAT = dwarf;
				ENABLE_STRICT_OBJC_MSGSEND = YES;
				ENABLE_TESTABILITY = YES;
				GCC_C_LANGUAGE_STANDARD = gnu99;
				GCC_DYNAMIC_NO_PIC = NO;
				GCC_NO_COMMON_BLOCKS = YES;
				GCC_OPTIMIZATION_LEVEL = 0;
				GCC_PREPROCESSOR_DEFINITIONS = (
					"DEBUG=1",
					"$(inherited)",
				);
				GCC_WARN_64_TO_32_BIT_CONVERSION = YES;
				GCC_WARN_ABOUT_RETURN_TYPE = YES_ERROR;
				GCC_WARN_UNDECLARED_SELECTOR = YES;
				GCC_WARN_UNINITIALIZED_AUTOS = YES_AGGRESSIVE;
				GCC_WARN_UNUSED_FUNCTION = YES;
				GCC_WARN_UNUSED_VARIABLE = YES;
				IPHONEOS_DEPLOYMENT_TARGET = 10.3;
				MTL_ENABLE_DEBUG_INFO = YES;
				ONLY_ACTIVE_ARCH = YES;
				SDKROOT = iphoneos;
			};
			name = Debug;
		};
		BC20AF201EF4C10000EE1461 /* Release */ = {
			isa = XCBuildConfiguration;
			buildSettings = {
				ALWAYS_SEARCH_USER_PATHS = NO;
				CLANG_ANALYZER_NONNULL = YES;
				CLANG_ANALYZER_NUMBER_OBJECT_CONVERSION = YES_AGGRESSIVE;
				CLANG_CXX_LANGUAGE_STANDARD = "gnu++0x";
				CLANG_CXX_LIBRARY = "libc++";
				CLANG_ENABLE_MODULES = YES;
				CLANG_ENABLE_OBJC_ARC = YES;
				CLANG_WARN_BOOL_CONVERSION = YES;
				CLANG_WARN_CONSTANT_CONVERSION = YES;
				CLANG_WARN_DIRECT_OBJC_ISA_USAGE = YES_ERROR;
				CLANG_WARN_DOCUMENTATION_COMMENTS = YES;
				CLANG_WARN_EMPTY_BODY = YES;
				CLANG_WARN_ENUM_CONVERSION = YES;
				CLANG_WARN_INFINITE_RECURSION = YES;
				CLANG_WARN_INT_CONVERSION = YES;
				CLANG_WARN_OBJC_ROOT_CLASS = YES_ERROR;
				CLANG_WARN_SUSPICIOUS_MOVE = YES;
				CLANG_WARN_UNREACHABLE_CODE = YES;
				CLANG_WARN__DUPLICATE_METHOD_MATCH = YES;
				"CODE_SIGN_IDENTITY[sdk=iphoneos*]" = "iPhone Developer";
				COPY_PHASE_STRIP = NO;
				DEBUG_INFORMATION_FORMAT = "dwarf-with-dsym";
				ENABLE_NS_ASSERTIONS = NO;
				ENABLE_STRICT_OBJC_MSGSEND = YES;
				GCC_C_LANGUAGE_STANDARD = gnu99;
				GCC_NO_COMMON_BLOCKS = YES;
				GCC_WARN_64_TO_32_BIT_CONVERSION = YES;
				GCC_WARN_ABOUT_RETURN_TYPE = YES_ERROR;
				GCC_WARN_UNDECLARED_SELECTOR = YES;
				GCC_WARN_UNINITIALIZED_AUTOS = YES_AGGRESSIVE;
				GCC_WARN_UNUSED_FUNCTION = YES;
				GCC_WARN_UNUSED_VARIABLE = YES;
				IPHONEOS_DEPLOYMENT_TARGET = 10.3;
				MTL_ENABLE_DEBUG_INFO = NO;
				SDKROOT = iphoneos;
				VALIDATE_PRODUCT = YES;
			};
			name = Release;
		};
		BC20AF221EF4C10000EE1461 /* Debug */ = {
			isa = XCBuildConfiguration;
			baseConfigurationReference = FE03F9F8243D01308BEB13F0 /* Pods-FKLDownLoadListen.debug.xcconfig */;
			buildSettings = {
				ASSETCATALOG_COMPILER_APPICON_NAME = AppIcon;
				INFOPLIST_FILE = FKLDownLoadListen/Info.plist;
				LD_RUNPATH_SEARCH_PATHS = "$(inherited) @executable_path/Frameworks";
				PRODUCT_BUNDLE_IDENTIFIER = com.fkunlam.www.FKLDownLoadListen;
				PRODUCT_NAME = "$(TARGET_NAME)";
			};
			name = Debug;
		};
		BC20AF231EF4C10000EE1461 /* Release */ = {
			isa = XCBuildConfiguration;
			baseConfigurationReference = 92109D8A0E49B7DBF01ADB89 /* Pods-FKLDownLoadListen.release.xcconfig */;
			buildSettings = {
				ASSETCATALOG_COMPILER_APPICON_NAME = AppIcon;
				INFOPLIST_FILE = FKLDownLoadListen/Info.plist;
				LD_RUNPATH_SEARCH_PATHS = "$(inherited) @executable_path/Frameworks";
				PRODUCT_BUNDLE_IDENTIFIER = com.fkunlam.www.FKLDownLoadListen;
				PRODUCT_NAME = "$(TARGET_NAME)";
			};
			name = Release;
		};
		BC20AF251EF4C10000EE1461 /* Debug */ = {
			isa = XCBuildConfiguration;
			baseConfigurationReference = 174D2ED2F8D972420A0E5B43 /* Pods-FKLDownLoadListenTests.debug.xcconfig */;
			buildSettings = {
				BUNDLE_LOADER = "$(TEST_HOST)";
				INFOPLIST_FILE = FKLDownLoadListenTests/Info.plist;
				LD_RUNPATH_SEARCH_PATHS = "$(inherited) @executable_path/Frameworks @loader_path/Frameworks";
				PRODUCT_BUNDLE_IDENTIFIER = com.fkunlam.www.FKLDownLoadListenTests;
				PRODUCT_NAME = "$(TARGET_NAME)";
				TEST_HOST = "$(BUILT_PRODUCTS_DIR)/FKLDownLoadListen.app/FKLDownLoadListen";
			};
			name = Debug;
		};
		BC20AF261EF4C10000EE1461 /* Release */ = {
			isa = XCBuildConfiguration;
			baseConfigurationReference = 4583F4A4F65FFD1606EE6943 /* Pods-FKLDownLoadListenTests.release.xcconfig */;
			buildSettings = {
				BUNDLE_LOADER = "$(TEST_HOST)";
				INFOPLIST_FILE = FKLDownLoadListenTests/Info.plist;
				LD_RUNPATH_SEARCH_PATHS = "$(inherited) @executable_path/Frameworks @loader_path/Frameworks";
				PRODUCT_BUNDLE_IDENTIFIER = com.fkunlam.www.FKLDownLoadListenTests;
				PRODUCT_NAME = "$(TARGET_NAME)";
				TEST_HOST = "$(BUILT_PRODUCTS_DIR)/FKLDownLoadListen.app/FKLDownLoadListen";
			};
			name = Release;
		};
		BC20AF281EF4C10000EE1461 /* Debug */ = {
			isa = XCBuildConfiguration;
			baseConfigurationReference = ED0A1347C663D50661CD8FD6 /* Pods-FKLDownLoadListenUITests.debug.xcconfig */;
			buildSettings = {
				INFOPLIST_FILE = FKLDownLoadListenUITests/Info.plist;
				LD_RUNPATH_SEARCH_PATHS = "$(inherited) @executable_path/Frameworks @loader_path/Frameworks";
				PRODUCT_BUNDLE_IDENTIFIER = com.fkunlam.www.FKLDownLoadListenUITests;
				PRODUCT_NAME = "$(TARGET_NAME)";
				TEST_TARGET_NAME = FKLDownLoadListen;
			};
			name = Debug;
		};
		BC20AF291EF4C10000EE1461 /* Release */ = {
			isa = XCBuildConfiguration;
			baseConfigurationReference = E8FC3AAAD9B1814B680F8417 /* Pods-FKLDownLoadListenUITests.release.xcconfig */;
			buildSettings = {
				INFOPLIST_FILE = FKLDownLoadListenUITests/Info.plist;
				LD_RUNPATH_SEARCH_PATHS = "$(inherited) @executable_path/Frameworks @loader_path/Frameworks";
				PRODUCT_BUNDLE_IDENTIFIER = com.fkunlam.www.FKLDownLoadListenUITests;
				PRODUCT_NAME = "$(TARGET_NAME)";
				TEST_TARGET_NAME = FKLDownLoadListen;
			};
			name = Release;
		};
/* End XCBuildConfiguration section */

/* Begin XCConfigurationList section */
		BC20AEEF1EF4C10000EE1461 /* Build configuration list for PBXProject "FKLDownLoadListen" */ = {
			isa = XCConfigurationList;
			buildConfigurations = (
				BC20AF1F1EF4C10000EE1461 /* Debug */,
				BC20AF201EF4C10000EE1461 /* Release */,
			);
			defaultConfigurationIsVisible = 0;
			defaultConfigurationName = Release;
		};
		BC20AF211EF4C10000EE1461 /* Build configuration list for PBXNativeTarget "FKLDownLoadListen" */ = {
			isa = XCConfigurationList;
			buildConfigurations = (
				BC20AF221EF4C10000EE1461 /* Debug */,
				BC20AF231EF4C10000EE1461 /* Release */,
			);
			defaultConfigurationIsVisible = 0;
			defaultConfigurationName = Release;
		};
		BC20AF241EF4C10000EE1461 /* Build configuration list for PBXNativeTarget "FKLDownLoadListenTests" */ = {
			isa = XCConfigurationList;
			buildConfigurations = (
				BC20AF251EF4C10000EE1461 /* Debug */,
				BC20AF261EF4C10000EE1461 /* Release */,
			);
			defaultConfigurationIsVisible = 0;
			defaultConfigurationName = Release;
		};
		BC20AF271EF4C10000EE1461 /* Build configuration list for PBXNativeTarget "FKLDownLoadListenUITests" */ = {
			isa = XCConfigurationList;
			buildConfigurations = (
				BC20AF281EF4C10000EE1461 /* Debug */,
				BC20AF291EF4C10000EE1461 /* Release */,
			);
			defaultConfigurationIsVisible = 0;
			defaultConfigurationName = Release;
		};
/* End XCConfigurationList section */
	};
	rootObject = BC20AEEC1EF4C10000EE1461 /* Project object */;
}
